
Microsoft Visual Studio Solution File, Format Version 12.00
# Visual Studio Version 17
VisualStudioVersion = 17.8.34322.80
MinimumVisualStudioVersion = 10.0.40219.1
Project("{FAE04EC0-301F-11D3-BF4B-00C04F79EFBC}") = "VerbosIrregulares", "VerbosIrregulares\VerbosIrregulares.csproj", "{15B90905-6E5E-476A-8D61-BE6DB8605919}"
EndProject
Global
	GlobalSection(SolutionConfigurationPlatforms) = preSolution
		Debug|Any CPU = Debug|Any CPU
		Release|Any CPU = Release|Any CPU
	EndGlobalSection
	GlobalSection(ProjectConfigurationPlatforms) = postSolution
		{15B90905-6E5E-476A-8D61-BE6DB8605919}.Debug|Any CPU.ActiveCfg = Debug|Any CPU
		{15B90905-6E5E-476A-8D61-BE6DB8605919}.Debug|Any CPU.Build.0 = Debug|Any CPU
		{15B90905-6E5E-476A-8D61-BE6DB8605919}.Release|Any CPU.ActiveCfg = Release|Any CPU
		{15B90905-6E5E-476A-8D61-BE6DB8605919}.Release|Any CPU.Build.0 = Release|Any CPU
	EndGlobalSection
	GlobalSection(SolutionProperties) = preSolution
		HideSolutionNode = FALSE
	EndGlobalSection
	GlobalSection(ExtensibilityGlobals) = postSolution
		SolutionGuid = {80401CA3-ABB7-4A1E-B9BA-20BD3416642E}
	EndGlobalSection
EndGlobal
